
Microsoft Visual Studio Solution File, Format Version 12.00
# Visual Studio 14
VisualStudioVersion = 14.0.24720.0
MinimumVisualStudioVersion = 10.0.40219.1
Project("{8BC9CEB8-8B4A-11D0-8D11-00A0C91BC942}") = "DirectXBasic", "DirectXBasic\DirectXBasic.vcxproj", "{30912FAF-FD42-47A7-8711-046D7EC5CC70}"
	ProjectSection(ProjectDependencies) = postProject
		{53F11010-BF3C-4458-95D9-798AB21E32BF} = {53F11010-BF3C-4458-95D9-798AB21E32BF}
		{D9DD305D-4901-447C-98FE-4A4999F80239} = {D9DD305D-4901-447C-98FE-4A4999F80239}
		{852DF872-11F7-4CB8-BFA4-F9D19FEEE909} = {852DF872-11F7-4CB8-BFA4-F9D19FEEE909}
		{4E1C1583-4DE5-47F9-BDC3-412042C00BE7} = {4E1C1583-4DE5-47F9-BDC3-412042C00BE7}
	EndProjectSection
EndProject
Project("{8BC9CEB8-8B4A-11D0-8D11-00A0C91BC942}") = "BlitzCommon", "Code\BlitzCommon\BlitzCommon.vcxproj", "{852DF872-11F7-4CB8-BFA4-F9D19FEEE909}"
EndProject
Project("{2150E333-8FDC-42A3-9474-1A3956D46DE8}") = "Aspects", "Aspects", "{10EECA9F-BC79-4D4D-9FDA-03E9D323A1F6}"
EndProject
Project("{2150E333-8FDC-42A3-9474-1A3956D46DE8}") = "Common", "Common", "{1AFE93A2-07EE-4B8E-B5EE-5B8C1587C30F}"
EndProject
Project("{8BC9CEB8-8B4A-11D0-8D11-00A0C91BC942}") = "BlitzEngineAssetConverter", "Aspects\BlitzAssetConverter\BlitzEngineAssetConverter.vcxproj", "{D9DD305D-4901-447C-98FE-4A4999F80239}"
	ProjectSection(ProjectDependencies) = postProject
		{53F11010-BF3C-4458-95D9-798AB21E32BF} = {53F11010-BF3C-4458-95D9-798AB21E32BF}
		{852DF872-11F7-4CB8-BFA4-F9D19FEEE909} = {852DF872-11F7-4CB8-BFA4-F9D19FEEE909}
		{4E1C1583-4DE5-47F9-BDC3-412042C00BE7} = {4E1C1583-4DE5-47F9-BDC3-412042C00BE7}
	EndProjectSection
EndProject
Project("{2150E333-8FDC-42A3-9474-1A3956D46DE8}") = "System", "System", "{F48DD0B2-726D-4474-8D69-9BF675D5E8D1}"
EndProject
Project("{2150E333-8FDC-42A3-9474-1A3956D46DE8}") = "Engine", "Engine", "{39086B42-0724-43DA-BED9-71F09DBFFE52}"
EndProject
Project("{8BC9CEB8-8B4A-11D0-8D11-00A0C91BC942}") = "BlitzSystem", "Code\BlitzSystem\BlitzSystem.vcxproj", "{53F11010-BF3C-4458-95D9-798AB21E32BF}"
	ProjectSection(ProjectDependencies) = postProject
		{852DF872-11F7-4CB8-BFA4-F9D19FEEE909} = {852DF872-11F7-4CB8-BFA4-F9D19FEEE909}
	EndProjectSection
EndProject
Project("{2150E333-8FDC-42A3-9474-1A3956D46DE8}") = "Renderer", "Renderer", "{FB7C7725-4335-4222-A656-757AFD5432C7}"
EndProject
Project("{8BC9CEB8-8B4A-11D0-8D11-00A0C91BC942}") = "BlitzRenderer", "Code\BlitzRenderer\BlitzRenderer.vcxproj", "{4E1C1583-4DE5-47F9-BDC3-412042C00BE7}"
	ProjectSection(ProjectDependencies) = postProject
		{53F11010-BF3C-4458-95D9-798AB21E32BF} = {53F11010-BF3C-4458-95D9-798AB21E32BF}
		{852DF872-11F7-4CB8-BFA4-F9D19FEEE909} = {852DF872-11F7-4CB8-BFA4-F9D19FEEE909}
	EndProjectSection
EndProject
Global
	GlobalSection(SolutionConfigurationPlatforms) = preSolution
		AssetProcessor|x64 = AssetProcessor|x64
		AssetProcessor|x86 = AssetProcessor|x86
		Debug|x64 = Debug|x64
		Debug|x86 = Debug|x86
		Release|x64 = Release|x64
		Release|x86 = Release|x86
	EndGlobalSection
	GlobalSection(ProjectConfigurationPlatforms) = postSolution
		{30912FAF-FD42-47A7-8711-046D7EC5CC70}.AssetProcessor|x64.ActiveCfg = AssetProcessor|x64
		{30912FAF-FD42-47A7-8711-046D7EC5CC70}.AssetProcessor|x64.Build.0 = AssetProcessor|x64
		{30912FAF-FD42-47A7-8711-046D7EC5CC70}.AssetProcessor|x86.ActiveCfg = AssetProcessor|Win32
		{30912FAF-FD42-47A7-8711-046D7EC5CC70}.Debug|x64.ActiveCfg = Debug|x64
		{30912FAF-FD42-47A7-8711-046D7EC5CC70}.Debug|x64.Build.0 = Debug|x64
		{30912FAF-FD42-47A7-8711-046D7EC5CC70}.Debug|x86.ActiveCfg = Debug|Win32
		{30912FAF-FD42-47A7-8711-046D7EC5CC70}.Debug|x86.Build.0 = Debug|Win32
		{30912FAF-FD42-47A7-8711-046D7EC5CC70}.Debug|x86.Deploy.0 = Debug|Win32
		{30912FAF-FD42-47A7-8711-046D7EC5CC70}.Release|x64.ActiveCfg = Release|x64
		{30912FAF-FD42-47A7-8711-046D7EC5CC70}.Release|x64.Build.0 = Release|x64
		{30912FAF-FD42-47A7-8711-046D7EC5CC70}.Release|x86.ActiveCfg = Release|Win32
		{30912FAF-FD42-47A7-8711-046D7EC5CC70}.Release|x86.Build.0 = Release|Win32
		{852DF872-11F7-4CB8-BFA4-F9D19FEEE909}.AssetProcessor|x64.ActiveCfg = AssetProcessor|x64
		{852DF872-11F7-4CB8-BFA4-F9D19FEEE909}.AssetProcessor|x64.Build.0 = AssetProcessor|x64
		{852DF872-11F7-4CB8-BFA4-F9D19FEEE909}.AssetProcessor|x86.ActiveCfg = AssetProcessor|Win32
		{852DF872-11F7-4CB8-BFA4-F9D19FEEE909}.AssetProcessor|x86.Build.0 = AssetProcessor|Win32
		{852DF872-11F7-4CB8-BFA4-F9D19FEEE909}.Debug|x64.ActiveCfg = Debug|x64
		{852DF872-11F7-4CB8-BFA4-F9D19FEEE909}.Debug|x64.Build.0 = Debug|x64
		{852DF872-11F7-4CB8-BFA4-F9D19FEEE909}.Debug|x86.ActiveCfg = Debug|Win32
		{852DF872-11F7-4CB8-BFA4-F9D19FEEE909}.Debug|x86.Build.0 = Debug|Win32
		{852DF872-11F7-4CB8-BFA4-F9D19FEEE909}.Release|x64.ActiveCfg = Release|x64
		{852DF872-11F7-4CB8-BFA4-F9D19FEEE909}.Release|x64.Build.0 = Release|x64
		{852DF872-11F7-4CB8-BFA4-F9D19FEEE909}.Release|x86.ActiveCfg = Release|Win32
		{852DF872-11F7-4CB8-BFA4-F9D19FEEE909}.Release|x86.Build.0 = Release|Win32
		{D9DD305D-4901-447C-98FE-4A4999F80239}.AssetProcessor|x64.ActiveCfg = AssetProcessor|x64
		{D9DD305D-4901-447C-98FE-4A4999F80239}.AssetProcessor|x64.Build.0 = AssetProcessor|x64
		{D9DD305D-4901-447C-98FE-4A4999F80239}.AssetProcessor|x86.ActiveCfg = AssetProcessor|Win32
		{D9DD305D-4901-447C-98FE-4A4999F80239}.AssetProcessor|x86.Build.0 = AssetProcessor|Win32
		{D9DD305D-4901-447C-98FE-4A4999F80239}.Debug|x64.ActiveCfg = Debug|x64
		{D9DD305D-4901-447C-98FE-4A4999F80239}.Debug|x64.Build.0 = Debug|x64
		{D9DD305D-4901-447C-98FE-4A4999F80239}.Debug|x86.ActiveCfg = Debug|Win32
		{D9DD305D-4901-447C-98FE-4A4999F80239}.Debug|x86.Build.0 = Debug|Win32
		{D9DD305D-4901-447C-98FE-4A4999F80239}.Release|x64.ActiveCfg = Release|x64
		{D9DD305D-4901-447C-98FE-4A4999F80239}.Release|x64.Build.0 = Release|x64
		{D9DD305D-4901-447C-98FE-4A4999F80239}.Release|x86.ActiveCfg = Release|Win32
		{D9DD305D-4901-447C-98FE-4A4999F80239}.Release|x86.Build.0 = Release|Win32
		{53F11010-BF3C-4458-95D9-798AB21E32BF}.AssetProcessor|x64.ActiveCfg = AssetProcessor|x64
		{53F11010-BF3C-4458-95D9-798AB21E32BF}.AssetProcessor|x64.Build.0 = AssetProcessor|x64
		{53F11010-BF3C-4458-95D9-798AB21E32BF}.AssetProcessor|x86.ActiveCfg = AssetProcessor|Win32
		{53F11010-BF3C-4458-95D9-798AB21E32BF}.AssetProcessor|x86.Build.0 = AssetProcessor|Win32
		{53F11010-BF3C-4458-95D9-798AB21E32BF}.Debug|x64.ActiveCfg = Debug|x64
		{53F11010-BF3C-4458-95D9-798AB21E32BF}.Debug|x64.Build.0 = Debug|x64
		{53F11010-BF3C-4458-95D9-798AB21E32BF}.Debug|x86.ActiveCfg = Debug|Win32
		{53F11010-BF3C-4458-95D9-798AB21E32BF}.Debug|x86.Build.0 = Debug|Win32
		{53F11010-BF3C-4458-95D9-798AB21E32BF}.Release|x64.ActiveCfg = Release|x64
		{53F11010-BF3C-4458-95D9-798AB21E32BF}.Release|x64.Build.0 = Release|x64
		{53F11010-BF3C-4458-95D9-798AB21E32BF}.Release|x86.ActiveCfg = Release|Win32
		{53F11010-BF3C-4458-95D9-798AB21E32BF}.Release|x86.Build.0 = Release|Win32
		{4E1C1583-4DE5-47F9-BDC3-412042C00BE7}.AssetProcessor|x64.ActiveCfg = AssetProcessor|x64
		{4E1C1583-4DE5-47F9-BDC3-412042C00BE7}.AssetProcessor|x64.Build.0 = AssetProcessor|x64
		{4E1C1583-4DE5-47F9-BDC3-412042C00BE7}.AssetProcessor|x86.ActiveCfg = AssetProcessor|Win32
		{4E1C1583-4DE5-47F9-BDC3-412042C00BE7}.AssetProcessor|x86.Build.0 = AssetProcessor|Win32
		{4E1C1583-4DE5-47F9-BDC3-412042C00BE7}.Debug|x64.ActiveCfg = Debug|x64
		{4E1C1583-4DE5-47F9-BDC3-412042C00BE7}.Debug|x64.Build.0 = Debug|x64
		{4E1C1583-4DE5-47F9-BDC3-412042C00BE7}.Debug|x86.ActiveCfg = Debug|Win32
		{4E1C1583-4DE5-47F9-BDC3-412042C00BE7}.Debug|x86.Build.0 = Debug|Win32
		{4E1C1583-4DE5-47F9-BDC3-412042C00BE7}.Release|x64.ActiveCfg = Release|x64
		{4E1C1583-4DE5-47F9-BDC3-412042C00BE7}.Release|x64.Build.0 = Release|x64
		{4E1C1583-4DE5-47F9-BDC3-412042C00BE7}.Release|x86.ActiveCfg = Release|Win32
		{4E1C1583-4DE5-47F9-BDC3-412042C00BE7}.Release|x86.Build.0 = Release|Win32
	EndGlobalSection
	GlobalSection(SolutionProperties) = preSolution
		HideSolutionNode = FALSE
	EndGlobalSection
	GlobalSection(NestedProjects) = preSolution
		{852DF872-11F7-4CB8-BFA4-F9D19FEEE909} = {1AFE93A2-07EE-4B8E-B5EE-5B8C1587C30F}
		{1AFE93A2-07EE-4B8E-B5EE-5B8C1587C30F} = {39086B42-0724-43DA-BED9-71F09DBFFE52}
		{D9DD305D-4901-447C-98FE-4A4999F80239} = {10EECA9F-BC79-4D4D-9FDA-03E9D323A1F6}
		{F48DD0B2-726D-4474-8D69-9BF675D5E8D1} = {39086B42-0724-43DA-BED9-71F09DBFFE52}
		{53F11010-BF3C-4458-95D9-798AB21E32BF} = {F48DD0B2-726D-4474-8D69-9BF675D5E8D1}
		{FB7C7725-4335-4222-A656-757AFD5432C7} = {39086B42-0724-43DA-BED9-71F09DBFFE52}
		{4E1C1583-4DE5-47F9-BDC3-412042C00BE7} = {FB7C7725-4335-4222-A656-757AFD5432C7}
	EndGlobalSection
EndGlobal
