<?xml version="1.0" encoding="utf-8"?>
<Project ToolsVersion="4.0" xmlns="http://schemas.microsoft.com/developer/msbuild/2003">
  <ItemGroup>
    <Filter Include="Math">
      <UniqueIdentifier>{3756ce24-619b-44f8-bd07-9e1f7cc3f70b}</UniqueIdentifier>
    </Filter>
    <Filter Include="Utils">
      <UniqueIdentifier>{5ffaf6b7-9ea8-4cbd-9879-049289867c70}</UniqueIdentifier>
    </Filter>
    <Filter Include="Containers">
      <UniqueIdentifier>{663f05ac-949b-4f98-aa88-0260c19d3f8b}</UniqueIdentifier>
    </Filter>
  </ItemGroup>
  <ItemGroup>
    <ClInclude Include="Math\math.h">
      <Filter>Math</Filter>
    </ClInclude>
    <ClInclude Include="Math\Matrix4.h">
      <Filter>Math</Filter>
    </ClInclude>
    <ClInclude Include="Math\Quaternion.h">
      <Filter>Math</Filter>
    </ClInclude>
    <ClInclude Include="Math\Vector2.h">
      <Filter>Math</Filter>
    </ClInclude>
    <ClInclude Include="Math\Vector3.h">
      <Filter>Math</Filter>
    </ClInclude>
    <ClInclude Include="Math\Vector4.h">
      <Filter>Math</Filter>
    </ClInclude>
    <ClInclude Include="Utils\Utility.h">
      <Filter>Utils</Filter>
    </ClInclude>
    <ClInclude Include="Utils\CoreMacros.h">
      <Filter>Utils</Filter>
    </ClInclude>
    <ClInclude Include="Math\MathDefines.h">
      <Filter>Math</Filter>
    </ClInclude>
    <ClInclude Include="Utils\RandomGen.h">
      <Filter>Utils</Filter>
    </ClInclude>
    <ClInclude Include="Containers\TArray.h">
      <Filter>Containers</Filter>
    </ClInclude>
    <ClInclude Include="Logging\Log.h" />
  </ItemGroup>
  <ItemGroup>
    <ClCompile Include="Math\Matrix4.cpp">
      <Filter>Math</Filter>
    </ClCompile>
    <ClCompile Include="Math\Quaternion.cpp">
      <Filter>Math</Filter>
    </ClCompile>
    <ClCompile Include="Math\Vector2.cpp">
      <Filter>Math</Filter>
    </ClCompile>
    <ClCompile Include="Math\Vector3.cpp">
      <Filter>Math</Filter>
    </ClCompile>
    <ClCompile Include="Math\Vector4.cpp">
      <Filter>Math</Filter>
    </ClCompile>
    <ClCompile Include="Utils\Utils.cpp">
      <Filter>Utils</Filter>
    </ClCompile>
    <ClCompile Include="Utils\RandomGen.cpp">
      <Filter>Utils</Filter>
    </ClCompile>
    <ClCompile Include="Containers\TArray.cpp">
      <Filter>Containers</Filter>
    </ClCompile>
    <ClCompile Include="Logging\Log.cpp" />
  </ItemGroup>
</Project>